version = 1
revision = 3
requires-python = ">=3.10"

[[package]]
name = "bsdiff4"
version = "1.2.6"
source = { registry = "https://pypi.org/simple" }
sdist = { url = "https://files.pythonhosted.org/packages/53/b9/4559ede9a4c8c4451688303544da84654643fdc7f28790aca85be80b4b7c/bsdiff4-1.2.6.tar.gz", hash = "sha256:2ab57d01a78b39e29e5accc9cfead4130982ded9dccbc4261bd0e9c51d6b751d", size = 13259, upload-time = "2025-02-19T17:42:33.612Z" }
wheels = [
    { url = "https://files.pythonhosted.org/packages/a9/e3/61c89b6fa5594ec5453b62aae8814c5c49d74eac5897ce939fa44cbb6d2b/bsdiff4-1.2.6-cp310-cp310-macosx_10_9_x86_64.whl", hash = "sha256:c5af4fe780e859491beaf641e34c0e965f5f65fcd96b2d7860ca297b3fc91a53", size = 16213, upload-time = "2025-02-19T17:39:31.121Z" },
    { url = "https://files.pythonhosted.org/packages/2a/4f/43b5c2ce34ab614e8fa8aaa2f00336e1ab33b1219aa619117cfe22235762/bsdiff4-1.2.6-cp310-cp310-macosx_11_0_arm64.whl", hash = "sha256:139d4a4a3eef2c6bb85ce5e18de27a0ebae11eacac3b3ff4423986f13a21c375", size = 16034, upload-time = "2025-02-19T17:39:33.17Z" },
    { url = "https://files.pythonhosted.org/packages/ad/f6/45a31bbe00da13a2d6371cdbee03f3f68a9f19e98c66cb8d38acf115409d/bsdiff4-1.2.6-cp310-cp310-manylinux_2_17_aarch64.manylinux2014_aarch64.whl", hash = "sha256:ab903d1a7f3158d77a139fc42540c52b778510158337daf81bbd06b18ad2cd9b", size = 32012, upload-time = "2025-02-19T17:39:35.374Z" },
    { url = "https://files.pythonhosted.org/packages/88/9a/563f3060b17abac1056938383578017bb7dec6a7316bc52a281c39b3cb88/bsdiff4-1.2.6-cp310-cp310-manylinux_2_17_ppc64le.manylinux2014_ppc64le.whl", hash = "sha256:bce6c2ab32c7fa53f971c05ca5f8428408efc7f87527a84c7e62f32a4d6d2d4d", size = 34072, upload-time = "2025-02-19T17:39:37.241Z" },
    { url = "https://files.pythonhosted.org/packages/e0/8d/5657d9c1034bb9c5fdc2a962d863993a3c98a57bc8577b319c8c6f53a9bb/bsdiff4-1.2.6-cp310-cp310-manylinux_2_17_s390x.manylinux2014_s390x.whl", hash = "sha256:899aec9c1c2fe23d143563af9aa9ccda5c79166886f58263a96f3fe89eb1ad3b", size = 32000, upload-time = "2025-02-19T17:39:38.478Z" },
    { url = "https://files.pythonhosted.org/packages/f5/56/7e0c3fdf6f06b84cc0282900f468a32f3367b533f343d22b5e9fc934f16b/bsdiff4-1.2.6-cp310-cp310-manylinux_2_17_x86_64.manylinux2014_x86_64.whl", hash = "sha256:c07ec6b37098aa1abef8b1ce7132925ba79755581dddfb7fd86c6226a7302877", size = 31485, upload-time = "2025-02-19T17:39:41.404Z" },
    { url = "https://files.pythonhosted.org/packages/e0/5e/c97119ad48eaac1fc18a385fe77319d54148af0e269e2fc3e70e93bba80e/bsdiff4-1.2.6-cp310-cp310-manylinux_2_5_i686.manylinux1_i686.manylinux_2_17_i686.manylinux2014_i686.whl", hash = "sha256:6be63ba562c94a3b4b1e3ff1e2b264da34be9dc1e9cd997875bfe11851045f75", size = 34280, upload-time = "2025-02-19T17:39:43.084Z" },
    { url = "https://files.pythonhosted.org/packages/b4/d1/be25015a4f53f719cc79cec50549ec901d285aa0efdd32912a2a8b172722/bsdiff4-1.2.6-cp310-cp310-musllinux_1_2_aarch64.whl", hash = "sha256:7d3c163daa68218a2ee8e6fa462c2748e7a85831c768600b206e0b16efcf7a47", size = 32047, upload-time = "2025-02-19T17:39:44.277Z" },
    { url = "https://files.pythonhosted.org/packages/6f/b4/d39b5ab00bee25f603d4ba8a1da3f5d0843dfb50b1faffd8bb6e2b741da6/bsdiff4-1.2.6-cp310-cp310-musllinux_1_2_i686.whl", hash = "sha256:b8ee881d162dd8a5f0c75f6b79547fddafc63ae713b852cef04f9358c9d8cc1e", size = 35589, upload-time = "2025-02-19T17:39:45.381Z" },
    { url = "https://files.pythonhosted.org/packages/d1/8f/f282fafeb986708c10608f19ed54fbae98d476d473f79dfb2967f346aa36/bsdiff4-1.2.6-cp310-cp310-musllinux_1_2_ppc64le.whl", hash = "sha256:ed07a0ffa04758965680ed5307ea1a2c393740b44b03f4de6938b316847e6f8b", size = 34109, upload-time = "2025-02-19T17:39:46.58Z" },
    { url = "https://files.pythonhosted.org/packages/9d/fd/c37ab67951f5cda29e8e8c9dc26ff2d9a894aaa2942a378e8aca930083c8/bsdiff4-1.2.6-cp310-cp310-musllinux_1_2_s390x.whl", hash = "sha256:bf055ebf32fffe93e9f803b8c9e5c13ddec4722bef970004815aedee85ebb7bd", size = 33629, upload-time = "2025-02-19T17:39:47.65Z" },
    { url = "https://files.pythonhosted.org/packages/dc/4b/a123309c61b89055d9bf19c9cff9baaf2da97a4d1c7fd7a6985da333d008/bsdiff4-1.2.6-cp310-cp310-musllinux_1_2_x86_64.whl", hash = "sha256:661e3c2ad174bfef21c53bc9eb28e221c9eb1a5fc68637f45e1d49c2778dd46a", size = 31186, upload-time = "2025-02-19T17:39:49.605Z" },
    { url = "https://files.pythonhosted.org/packages/eb/b5/3ac6340d1331af194063acb38071401815dc7a7e210822207504b469697e/bsdiff4-1.2.6-cp310-cp310-win32.whl", hash = "sha256:bacc5460c473b4ef6c09ccea16df2afd31b2860b9838edb870fed19bf4212d71", size = 18260, upload-time = "2025-02-19T17:39:50.679Z" },
    { url = "https://files.pythonhosted.org/packages/c2/89/e239c2a61b7751da63746c5f46f848f075ac5b4f8ed526d042389c49f280/bsdiff4-1.2.6-cp310-cp310-win_amd64.whl", hash = "sha256:544234a2729c167c80f28804ef1deb4b82df8d35de0820ac30a540028c9c47d1", size = 19529, upload-time = "2025-02-19T17:39:52.444Z" },
    { url = "https://files.pythonhosted.org/packages/10/08/6472d5c2527688b16ad2c2dd09e324281f5e78eea5e4dba5f65a7949f39c/bsdiff4-1.2.6-cp311-cp311-macosx_10_9_x86_64.whl", hash = "sha256:b151c28098b3c522b1735cdfe5e84e8f164f0ef4a592adb227d7a10727034673", size = 16212, upload-time = "2025-02-19T17:39:53.399Z" },
    { url = "https://files.pythonhosted.org/packages/33/41/4d1fa5980c01faa0d5c578e41ce73b4df98cd74e33f92323880df0da035e/bsdiff4-1.2.6-cp311-cp311-macosx_11_0_arm64.whl", hash = "sha256:29def064f6bcd13d0d7a82e5caa4848158b7f49c3a8fe44fbef3031456fb7dd2", size = 16031, upload-time = "2025-02-19T17:39:54.481Z" },
    { url = "https://files.pythonhosted.org/packages/9e/41/188f858a71eb529145b6706f8ac618fd9f719807f46e0cebe2ea482bfe78/bsdiff4-1.2.6-cp311-cp311-manylinux_2_17_aarch64.manylinux2014_aarch64.whl", hash = "sha256:e6f4cf8e00116e14e9e6c3fb5747478022a27215a9a65ed223fed82d2cfbc4d3", size = 33763, upload-time = "2025-02-19T17:39:55.438Z" },
    { url = "https://files.pythonhosted.org/packages/27/ea/84cc364a0c0f6eb3e503bf1625aa62eb411aa7474d1c91ec201812295fcb/bsdiff4-1.2.6-cp311-cp311-manylinux_2_17_ppc64le.manylinux2014_ppc64le.whl", hash = "sha256:897a260d30acc4df9803f500682eb7951fdc104a3e155787e1e581258f38df50", size = 35705, upload-time = "2025-02-19T17:39:56.601Z" },
    { url = "https://files.pythonhosted.org/packages/fe/54/c235fd3e95aa3a4ac53de83605723a149a33eb11aff64e49488132b857f8/bsdiff4-1.2.6-cp311-cp311-manylinux_2_17_s390x.manylinux2014_s390x.whl", hash = "sha256:d994ee6113c3f030bb9f373e917f00db13c026c295fe9f314f23171935d88371", size = 33807, upload-time = "2025-02-19T17:39:57.601Z" },
    { url = "https://files.pythonhosted.org/packages/d2/8b/010d14d3ab321c1c35fc4145b020c1e76ed8a29a214ce6bcc093ddedee13/bsdiff4-1.2.6-cp311-cp311-manylinux_2_17_x86_64.manylinux2014_x86_64.whl", hash = "sha256:ba5028a2aaa8e4cacb224031af9140e05d9c407ba15b59471380badcc4845777", size = 33250, upload-time = "2025-02-19T17:39:58.552Z" },
    { url = "https://files.pythonhosted.org/packages/2c/91/ae41950f7b823e8061520f3b28d47534b47f314b4148690c4a002d764bd7/bsdiff4-1.2.6-cp311-cp311-manylinux_2_5_i686.manylinux1_i686.manylinux_2_17_i686.manylinux2014_i686.whl", hash = "sha256:1edd3069dc14cecaa804faaae776a5d14f85217c41b3180b794e5fbf684d35dd", size = 35919, upload-time = "2025-02-19T17:40:00.052Z" },
    { url = "https://files.pythonhosted.org/packages/6c/b4/f29c451e7718d4366a72f9a87a7f3cc76cb56cb5e9305eae087eab83f7a0/bsdiff4-1.2.6-cp311-cp311-musllinux_1_2_aarch64.whl", hash = "sha256:0fb562e451d5b3a7523c67ce04fe541d3a004914e5760a47116883972f5ff8bc", size = 33740, upload-time = "2025-02-19T17:40:01.893Z" },
    { url = "https://files.pythonhosted.org/packages/3a/73/004b3c4511df3df0d5e591ecd7aaf92c851b22be200283428d3577f4400b/bsdiff4-1.2.6-cp311-cp311-musllinux_1_2_i686.whl", hash = "sha256:b7309380d8edbd3d46c4ed3930f7062b793bac8f004b32139db7af7c4612e241", size = 37325, upload-time = "2025-02-19T17:40:02.911Z" },
    { url = "https://files.pythonhosted.org/packages/d9/ea/5fa1d331c4a2e73e4e90a851768749a9960cefcb443da3abaae69e891f06/bsdiff4-1.2.6-cp311-cp311-musllinux_1_2_ppc64le.whl", hash = "sha256:f2f7504f08181227717fee04f25169d5901322c29d3fd054e4cb61bd60b3ffb4", size = 35791, upload-time = "2025-02-19T17:40:03.866Z" },
    { url = "https://files.pythonhosted.org/packages/10/04/7616e8abec54562c86742c7bacaaba53c0c4733565ea00e8c5ffe2c5c9ce/bsdiff4-1.2.6-cp311-cp311-musllinux_1_2_s390x.whl", hash = "sha256:6ad599216e7ee3db5737951d06c43b8e65d5b0db5c42300e85f18d399ec0bc5e", size = 35413, upload-time = "2025-02-19T17:40:05.692Z" },
    { url = "https://files.pythonhosted.org/packages/c6/d6/3fff18a97e127cc783e02de3c934bca63fabc0d4a379e091973b006cbae6/bsdiff4-1.2.6-cp311-cp311-musllinux_1_2_x86_64.whl", hash = "sha256:cd133a9475c9dfba6243dd07f118ee58a0b7f136c00d316e2d92d3f82169bd9e", size = 32939, upload-time = "2025-02-19T17:40:06.639Z" },
    { url = "https://files.pythonhosted.org/packages/36/32/2943637e17eca717cdd091625d4198cf7a49dd7d235944a86f1a8a6134fe/bsdiff4-1.2.6-cp311-cp311-win32.whl", hash = "sha256:403e8cc003451a8c4672c345a50aee3cf89d20983701e38fbbb67e07cb808c57", size = 18257, upload-time = "2025-02-19T17:40:07.59Z" },
    { url = "https://files.pythonhosted.org/packages/b1/f8/83f087ab62bebde26956f084ab272e19d11db5df6700f4f48d29647235fd/bsdiff4-1.2.6-cp311-cp311-win_amd64.whl", hash = "sha256:164a059e1e07932f91d90471a4ef4dac749f2dee780f08501522805398b32ed8", size = 19530, upload-time = "2025-02-19T17:40:08.504Z" },
    { url = "https://files.pythonhosted.org/packages/9a/58/044dd110fb0a0160f5cacecbfb9904043c8179f8c14093e22b6d8c6b9391/bsdiff4-1.2.6-cp312-cp312-macosx_10_13_x86_64.whl", hash = "sha256:69c5052e94ad991c397b5a46f8eab42f2e256c42aa5677896b7a3ea9e3d06adc", size = 16267, upload-time = "2025-02-19T17:40:10.376Z" },
    { url = "https://files.pythonhosted.org/packages/37/a1/70b74154344486bac9bf438ec309ae502f07df8cd7ca713d58f658769ff4/bsdiff4-1.2.6-cp312-cp312-macosx_11_0_arm64.whl", hash = "sha256:223ae0fc9f386dcf919a09a2029c391a0f0afaf4a5892b9a6e1b622bf42e1ae5", size = 16090, upload-time = "2025-02-19T17:40:11.334Z" },
    { url = "https://files.pythonhosted.org/packages/1a/90/36531261d8a150fcb8193fe2ad46d939b8a91549976424852f6a2a335689/bsdiff4-1.2.6-cp312-cp312-manylinux_2_17_aarch64.manylinux2014_aarch64.whl", hash = "sha256:48ea2298a281068d82b78454ee58ac7306ed38c9af55afddb04cf796df932d63", size = 33675, upload-time = "2025-02-19T17:40:13.218Z" },
    { url = "https://files.pythonhosted.org/packages/4a/97/8b73b3684c63e88508ad308229f33a8a5be6c4762e4160f96e2a6fc46906/bsdiff4-1.2.6-cp312-cp312-manylinux_2_17_ppc64le.manylinux2014_ppc64le.whl", hash = "sha256:2534e286ef5ae58767b9b17be64742424ca1e52ec748b0d8f8e24eecd12bc28a", size = 35648, upload-time = "2025-02-19T17:40:14.296Z" },
    { url = "https://files.pythonhosted.org/packages/52/39/0b1dd6494c743fa2c62bd7c35f5dec9f5802d01c1da1ef75a2e20a481ed4/bsdiff4-1.2.6-cp312-cp312-manylinux_2_17_s390x.manylinux2014_s390x.whl", hash = "sha256:4ff079b0f4cf874af4b6816983557b6b9d45996f88736046653e2d2311fa1876", size = 33772, upload-time = "2025-02-19T17:40:15.341Z" },
    { url = "https://files.pythonhosted.org/packages/88/23/98fc7482f957602c611203a9e485b9dbf4caf9d918e92453e3729cf5f0b4/bsdiff4-1.2.6-cp312-cp312-manylinux_2_17_x86_64.manylinux2014_x86_64.whl", hash = "sha256:56c2728c96d1d4eb8e089e4797c018a56be3f905f440fb507773f44c567fcd38", size = 33238, upload-time = "2025-02-19T17:40:16.343Z" },
    { url = "https://files.pythonhosted.org/packages/75/04/c3db957b7a324a3f25f721a82c288e9abe60059a0a2d2f9b3c19fb49cdb2/bsdiff4-1.2.6-cp312-cp312-manylinux_2_5_i686.manylinux1_i686.manylinux_2_17_i686.manylinux2014_i686.whl", hash = "sha256:9deb9b3cdb4d327e43b8c7bd11ed3707587f1183b35fb8a4c06c4f34bce62c6a", size = 35889, upload-time = "2025-02-19T17:40:18.237Z" },
    { url = "https://files.pythonhosted.org/packages/c3/a8/73d2abfd98a33cd74a0fc491e527d734c222ae18b499a10689f3adbc8d5c/bsdiff4-1.2.6-cp312-cp312-musllinux_1_2_aarch64.whl", hash = "sha256:e87c67b06ac96af6171b774dc8c03d2bde70c67c6488078eff44e0af4864acf6", size = 33606, upload-time = "2025-02-19T17:40:21.398Z" },
    { url = "https://files.pythonhosted.org/packages/6b/c3/713b3bb3711b62e51f6f67d6d9f63098e4d3a51d8b91e52c962f5c01a2b7/bsdiff4-1.2.6-cp312-cp312-musllinux_1_2_i686.whl", hash = "sha256:04bb2948301ad48123d308bf2342c83cae81d7edb52d11bdde00266d89ca071e", size = 37211, upload-time = "2025-02-19T17:40:22.365Z" },
    { url = "https://files.pythonhosted.org/packages/0b/c5/40559695ea0bd3332c37ef8182fc0f96ceed838ae6b03ca9ddcd8cf0f7df/bsdiff4-1.2.6-cp312-cp312-musllinux_1_2_ppc64le.whl", hash = "sha256:43649a44fc21f017be902e19ccf7fb8bac6ef2d7f93d871bbc6bc49acec9ffee", size = 35750, upload-time = "2025-02-19T17:40:23.554Z" },
    { url = "https://files.pythonhosted.org/packages/bb/9b/eb4683896119ec9d26d1eb3f12efc0d8a902451f4025db12c21c5a82992a/bsdiff4-1.2.6-cp312-cp312-musllinux_1_2_s390x.whl", hash = "sha256:baa76ec557dc48847c3ed1ff5720b5095c439c868f7568da30dcabbabceb2b92", size = 35364, upload-time = "2025-02-19T17:40:24.485Z" },
    { url = "https://files.pythonhosted.org/packages/d6/ad/0968b67aecf00873e0e5c07e97ba2300594505d4dbce62702b9f56a62d66/bsdiff4-1.2.6-cp312-cp312-musllinux_1_2_x86_64.whl", hash = "sha256:701168e2931da777e6e72ae17f22eb519e9ce25ec5108d149c9da7b3b80e1184", size = 32831, upload-time = "2025-02-19T17:40:25.571Z" },
    { url = "https://files.pythonhosted.org/packages/6c/18/adfcf72780f19cea1fe9948cbfb49890599424e94c752bf7d614093c0fc5/bsdiff4-1.2.6-cp312-cp312-win32.whl", hash = "sha256:f9f2e5e716d35af3252f69a15afc2b166970c98596a1114af4c6d2834fe8e871", size = 18308, upload-time = "2025-02-19T17:40:26.571Z" },
    { url = "https://files.pythonhosted.org/packages/9d/5d/31672172bb4566c1f1187fa28a1437125d4b5106bc55f9f7b9a75371094c/bsdiff4-1.2.6-cp312-cp312-win_amd64.whl", hash = "sha256:0b29568d1e33e32ea075c12a696b32e4d6cea344d0270a2292075254efd86014", size = 19553, upload-time = "2025-02-19T17:40:27.592Z" },
    { url = "https://files.pythonhosted.org/packages/4f/56/887d90b0e52ce7b5533a6f1390ab9a68215a70ba34848441730e215ffc1c/bsdiff4-1.2.6-cp313-cp313-macosx_10_13_x86_64.whl", hash = "sha256:a98d7975a670fc360d894ef2ec00294e6b7b19790c58457e40c8a5d57a1865b0", size = 16260, upload-time = "2025-02-19T17:40:28.614Z" },
    { url = "https://files.pythonhosted.org/packages/d8/4c/825a16932605d305501ed144ae5567a3dc90c9164a393c61cc0ed68df3f0/bsdiff4-1.2.6-cp313-cp313-macosx_11_0_arm64.whl", hash = "sha256:ee4417341712a4bf736694ce9ad3902b8c6fbd3425aadca44df9b66a51bbefa4", size = 16080, upload-time = "2025-02-19T17:40:29.612Z" },
    { url = "https://files.pythonhosted.org/packages/c2/e2/0cf538a786f47b08e26f3970a6f98c2b7b9d555c01e085425282944a2c7f/bsdiff4-1.2.6-cp313-cp313-manylinux_2_17_aarch64.manylinux2014_aarch64.whl", hash = "sha256:39ddfa2137de44c9743a611d71d263d0cc8c45e5b18ee84ca5ff6b6240be1740", size = 33664, upload-time = "2025-02-19T17:40:31.646Z" },
    { url = "https://files.pythonhosted.org/packages/1f/c0/44ac255f1d16865e39ef941470e30bb5c362dd216b62837bb13880d1dd36/bsdiff4-1.2.6-cp313-cp313-manylinux_2_17_ppc64le.manylinux2014_ppc64le.whl", hash = "sha256:6474d8f34f89d25fa1803c639cc8ed49121752a56a15b4cd21e9267154cdaf70", size = 35648, upload-time = "2025-02-19T17:40:32.793Z" },
    { url = "https://files.pythonhosted.org/packages/cb/6b/d5871af38cbb8527652b65463c3dd736b6250828d8d6daf48be712a2ebfe/bsdiff4-1.2.6-cp313-cp313-manylinux_2_17_s390x.manylinux2014_s390x.whl", hash = "sha256:f8e9c876929c03ef5d448e2626e8b2961040c3a9f0dd3d483643dbccd0e7ff7a", size = 33792, upload-time = "2025-02-19T17:40:35.498Z" },
    { url = "https://files.pythonhosted.org/packages/5a/1e/7027849a6dc02b580e352b1528899053bd919029b185fbaa14c6f268180b/bsdiff4-1.2.6-cp313-cp313-manylinux_2_17_x86_64.manylinux2014_x86_64.whl", hash = "sha256:46313f0eb8f63efb54a3c4219cd7b5b8a7795012b535f9d0838fe3f2b3349849", size = 33238, upload-time = "2025-02-19T17:40:37.165Z" },
    { url = "https://files.pythonhosted.org/packages/97/df/c4a3e2bb1c1f9f09c2c5f8a9025c67f5ec7fcc8949338e54cb2d4fba9009/bsdiff4-1.2.6-cp313-cp313-manylinux_2_5_i686.manylinux1_i686.manylinux_2_17_i686.manylinux2014_i686.whl", hash = "sha256:f6b5757b1a83829f00ef34953c6865ea82e9c71126e465bc32d029c55da9e45b", size = 35866, upload-time = "2025-02-19T17:40:38.789Z" },
    { url = "https://files.pythonhosted.org/packages/83/03/76a5aaaa0ccc282b239b3f148f6dd6033d37f79c1d1a89846b712224d132/bsdiff4-1.2.6-cp313-cp313-musllinux_1_2_aarch64.whl", hash = "sha256:734552992ecc86749a8ef55d03f999f9a47576cc609d7d4d9a7aec274b43ee4d", size = 33688, upload-time = "2025-02-19T17:40:39.762Z" },
    { url = "https://files.pythonhosted.org/packages/b3/b3/b240d4840a16d923c60e8e9eacf0777cf9378e30610037f6c85324daea85/bsdiff4-1.2.6-cp313-cp313-musllinux_1_2_i686.whl", hash = "sha256:853c3221daac6f8d347f12eb0b73ca9dbb7db483e7b5f40b1e2fbb05730645a7", size = 37273, upload-time = "2025-02-19T17:40:41.626Z" },
    { url = "https://files.pythonhosted.org/packages/7d/84/2223a09c4950a3e419ce94eb0af6d90c1ee562b9962ef2d72515f4ad6271/bsdiff4-1.2.6-cp313-cp313-musllinux_1_2_ppc64le.whl", hash = "sha256:94526dc11e56f330c2f4b1e2e9389b958a7891f6c86b5aac83bd9c7a90eb088a", size = 35844, upload-time = "2025-02-19T17:40:42.646Z" },
    { url = "https://files.pythonhosted.org/packages/18/7b/c02f703b449feb20b245eb803e7d446508b80d5b4065d1eb9cc75d02ae3b/bsdiff4-1.2.6-cp313-cp313-musllinux_1_2_s390x.whl", hash = "sha256:f5474e1d9253564ed0823e2685a403d9dfdbba3c7b70a80f5066d61427848253", size = 35418, upload-time = "2025-02-19T17:40:44.562Z" },
    { url = "https://files.pythonhosted.org/packages/eb/52/623ee28011b6935f0dfe67397ec27c2a900b9f0bda1b1ec2a5b174c53fb7/bsdiff4-1.2.6-cp313-cp313-musllinux_1_2_x86_64.whl", hash = "sha256:5529731ac88151345a8bb76dad4fdb218af10a8a505161d1aa3d669e49cb7b77", size = 32892, upload-time = "2025-02-19T17:40:45.552Z" },
    { url = "https://files.pythonhosted.org/packages/44/6c/e740e347bb46ea08ceacf39df56c2ffd2bd20b95d458409ea303fbf2b946/bsdiff4-1.2.6-cp313-cp313-win32.whl", hash = "sha256:c8089827c41b37f7c9192492742289929097c5ab2a6b3a120919fee27fbc01b8", size = 18304, upload-time = "2025-02-19T17:40:47.37Z" },
    { url = "https://files.pythonhosted.org/packages/88/d1/9be6f6124afab9837db1ffc5801ca1aa86f2077d4224ff729e88fabada71/bsdiff4-1.2.6-cp313-cp313-win_amd64.whl", hash = "sha256:37ff935ba714e0726584dad2bc4c063218b588b110115e8554ebc438ee7bccf3", size = 19543, upload-time = "2025-02-19T17:40:48.369Z" },
    { url = "https://files.pythonhosted.org/packages/4a/f3/8579894ec44ceae5e120b37fc18cc7fc24021f0fb2fe7c90f92fa9c3c7ab/bsdiff4-1.2.6-pp310-pypy310_pp73-macosx_10_15_x86_64.whl", hash = "sha256:61f504f8ad04cc4f4aea06a56f81ba392fcfd58434b67210186772bc949f6b8d", size = 16223, upload-time = "2025-02-19T17:42:01.132Z" },
    { url = "https://files.pythonhosted.org/packages/bd/4f/4dce64c017702e0f16fde4cb79dbb5bf446d57135d3f76ebd4fb9fde55a9/bsdiff4-1.2.6-pp310-pypy310_pp73-macosx_11_0_arm64.whl", hash = "sha256:e778f9e9e3df5f3ffdf82b338ceefa2a6fee3fd14366d50cde74dc849e083cbb", size = 15868, upload-time = "2025-02-19T17:42:02.902Z" },
    { url = "https://files.pythonhosted.org/packages/67/e5/6b7f12d45ac7cf9d842cafa2905262c78fe6ac43feca2439f9679267253a/bsdiff4-1.2.6-pp310-pypy310_pp73-manylinux_2_17_aarch64.manylinux2014_aarch64.whl", hash = "sha256:e08bc23ca5425f72d2c87a66b6ac4e8d7765abe04ed9c8233b8cdb3ef1ee6808", size = 17483, upload-time = "2025-02-19T17:42:04.016Z" },
    { url = "https://files.pythonhosted.org/packages/88/9c/03a1bdb9c7804efa3dddb56987bcd5619f6f6c840e42c6d861ab4298e366/bsdiff4-1.2.6-pp310-pypy310_pp73-manylinux_2_17_x86_64.manylinux2014_x86_64.whl", hash = "sha256:2e986f6278d9f1dc124d9c67533d6dd1c93883b5d57ca54c4e224ec888613ab7", size = 16889, upload-time = "2025-02-19T17:42:05.634Z" },
    { url = "https://files.pythonhosted.org/packages/78/16/109ba98222911bc6163c15f4605e19043c94982b3364f64dc1ac563e6a79/bsdiff4-1.2.6-pp310-pypy310_pp73-manylinux_2_5_i686.manylinux1_i686.manylinux_2_17_i686.manylinux2014_i686.whl", hash = "sha256:94290de262cb823bb557860c20769e63fd20f3d29b1a31b8c69e4309f2fdede0", size = 17419, upload-time = "2025-02-19T17:42:07.448Z" },
    { url = "https://files.pythonhosted.org/packages/a1/da/407abc7404975c5c06926f036db77ea97f0031ede68249a8ad090fc3c8ab/bsdiff4-1.2.6-pp310-pypy310_pp73-win_amd64.whl", hash = "sha256:9f246beea8dce9725b2ae17487059e488b213ea22e9df04170fca2dec9ac2f30", size = 19564, upload-time = "2025-02-19T17:42:08.482Z" },
]

[[package]]
name = "colorama"
version = "0.4.6"
source = { registry = "https://pypi.org/simple" }
sdist = { url = "https://files.pythonhosted.org/packages/d8/53/6f443c9a4a8358a93a6792e2acffb9d9d5cb0a5cfd8802644b7b1c9a02e4/colorama-0.4.6.tar.gz", hash = "sha256:08695f5cb7ed6e0531a20572697297273c47b8cae5a63ffc6d6ed5c201be6e44", size = 27697, upload-time = "2022-10-25T02:36:22.414Z" }
wheels = [
    { url = "https://files.pythonhosted.org/packages/d1/d6/3965ed04c63042e047cb6a3e6ed1a63a35087b6a609aa3a15ed8ac56c221/colorama-0.4.6-py2.py3-none-any.whl", hash = "sha256:4f1d9991f5acc0ca119f9d443620b77f9d6b33703e51011c16baf57afb285fc6", size = 25335, upload-time = "2022-10-25T02:36:20.889Z" },
]

[[package]]
name = "exceptiongroup"
version = "1.3.1"
source = { registry = "https://pypi.org/simple" }
dependencies = [
    { name = "typing-extensions", marker = "python_full_version < '3.13'" },
]
sdist = { url = "https://files.pythonhosted.org/packages/50/79/66800aadf48771f6b62f7eb014e352e5d06856655206165d775e675a02c9/exceptiongroup-1.3.1.tar.gz", hash = "sha256:8b412432c6055b0b7d14c310000ae93352ed6754f70fa8f7c34141f91c4e3219", size = 30371, upload-time = "2025-11-21T23:01:54.787Z" }
wheels = [
    { url = "https://files.pythonhosted.org/packages/8a/0e/97c33bf5009bdbac74fd2beace167cab3f978feb69cc36f1ef79360d6c4e/exceptiongroup-1.3.1-py3-none-any.whl", hash = "sha256:a7a39a3bd276781e98394987d3a5701d0c4edffb633bb7a5144577f82c773598", size = 16740, upload-time = "2025-11-21T23:01:53.443Z" },
]

[[package]]
name = "iniconfig"
version = "2.3.0"
source = { registry = "https://pypi.org/simple" }
sdist = { url = "https://files.pythonhosted.org/packages/72/34/14ca021ce8e5dfedc35312d08ba8bf51fdd999c576889fc2c24cb97f4f10/iniconfig-2.3.0.tar.gz", hash = "sha256:c76315c77db068650d49c5b56314774a7804df16fee4402c1f19d6d15d8c4730", size = 20503, upload-time = "2025-10-18T21:55:43.219Z" }
wheels = [
    { url = "https://files.pythonhosted.org/packages/cb/b1/3846dd7f199d53cb17f49cba7e651e9ce294d8497c8c150530ed11865bb8/iniconfig-2.3.0-py3-none-any.whl", hash = "sha256:f631c04d2c48c52b84d0d0549c99ff3859c98df65b3101406327ecc7d53fbf12", size = 7484, upload-time = "2025-10-18T21:55:41.639Z" },
]

[[package]]
name = "packaging"
version = "26.1"
source = { registry = "https://pypi.org/simple" }
sdist = { url = "https://files.pythonhosted.org/packages/df/de/0d2b39fb4af88a0258f3bac87dfcbb48e73fbdea4a2ed0e2213f9a4c2f9a/packaging-26.1.tar.gz", hash = "sha256:f042152b681c4bfac5cae2742a55e103d27ab2ec0f3d88037136b6bfe7c9c5de", size = 215519, upload-time = "2026-04-14T21:12:49.362Z" }
wheels = [
    { url = "https://files.pythonhosted.org/packages/7a/c2/920ef838e2f0028c8262f16101ec09ebd5969864e5a64c4c05fad0617c56/packaging-26.1-py3-none-any.whl", hash = "sha256:5d9c0669c6285e491e0ced2eee587eaf67b670d94a19e94e3984a481aba6802f", size = 95831, upload-time = "2026-04-14T21:12:47.56Z" },
]

[[package]]
name = "pluggy"
version = "1.6.0"
source = { registry = "https://pypi.org/simple" }
sdist = { url = "https://files.pythonhosted.org/packages/f9/e2/3e91f31a7d2b083fe6ef3fa267035b518369d9511ffab804f839851d2779/pluggy-1.6.0.tar.gz", hash = "sha256:7dcc130b76258d33b90f61b658791dede3486c3e6bfb003ee5c9bfb396dd22f3", size = 69412, upload-time = "2025-05-15T12:30:07.975Z" }
wheels = [
    { url = "https://files.pythonhosted.org/packages/54/20/4d324d65cc6d9205fabedc306948156824eb9f0ee1633355a8f7ec5c66bf/pluggy-1.6.0-py3-none-any.whl", hash = "sha256:e920276dd6813095e9377c0bc5566d94c932c33b27a3e3945d8389c374dd4746", size = 20538, upload-time = "2025-05-15T12:30:06.134Z" },
]

[[package]]
name = "protobuf"
version = "7.34.1"
source = { registry = "https://pypi.org/simple" }
sdist = { url = "https://files.pythonhosted.org/packages/6b/6b/a0e95cad1ad7cc3f2c6821fcab91671bd5b78bd42afb357bb4765f29bc41/protobuf-7.34.1.tar.gz", hash = "sha256:9ce42245e704cc5027be797c1db1eb93184d44d1cdd71811fb2d9b25ad541280", size = 454708, upload-time = "2026-03-20T17:34:47.036Z" }
wheels = [
    { url = "https://files.pythonhosted.org/packages/ec/11/3325d41e6ee15bf1125654301211247b042563bcc898784351252549a8ad/protobuf-7.34.1-cp310-abi3-macosx_10_9_universal2.whl", hash = "sha256:d8b2cc79c4d8f62b293ad9b11ec3aebce9af481fa73e64556969f7345ebf9fc7", size = 429247, upload-time = "2026-03-20T17:34:37.024Z" },
    { url = "https://files.pythonhosted.org/packages/eb/9d/aa69df2724ff63efa6f72307b483ce0827f4347cc6d6df24b59e26659fef/protobuf-7.34.1-cp310-abi3-manylinux2014_aarch64.whl", hash = "sha256:5185e0e948d07abe94bb76ec9b8416b604cfe5da6f871d67aad30cbf24c3110b", size = 325753, upload-time = "2026-03-20T17:34:38.751Z" },
    { url = "https://files.pythonhosted.org/packages/92/e8/d174c91fd48e50101943f042b09af9029064810b734e4160bbe282fa1caa/protobuf-7.34.1-cp310-abi3-manylinux2014_s390x.whl", hash = "sha256:403b093a6e28a960372b44e5eb081775c9b056e816a8029c61231743d63f881a", size = 340198, upload-time = "2026-03-20T17:34:39.871Z" },
    { url = "https://files.pythonhosted.org/packages/53/1b/3b431694a4dc6d37b9f653f0c64b0a0d9ec074ee810710c0c3da21d67ba7/protobuf-7.34.1-cp310-abi3-manylinux2014_x86_64.whl", hash = "sha256:8ff40ce8cd688f7265326b38d5a1bed9bfdf5e6723d49961432f83e21d5713e4", size = 324267, upload-time = "2026-03-20T17:34:41.1Z" },
    { url = "https://files.pythonhosted.org/packages/85/29/64de04a0ac142fb685fd09999bc3d337943fb386f3a0ec57f92fd8203f97/protobuf-7.34.1-cp310-abi3-win32.whl", hash = "sha256:34b84ce27680df7cca9f231043ada0daa55d0c44a2ddfaa58ec1d0d89d8bf60a", size = 426628, upload-time = "2026-03-20T17:34:42.536Z" },
    { url = "https://files.pythonhosted.org/packages/4d/87/cb5e585192a22b8bd457df5a2c16a75ea0db9674c3a0a39fc9347d84e075/protobuf-7.34.1-cp310-abi3-win_amd64.whl", hash = "sha256:e97b55646e6ce5cbb0954a8c28cd39a5869b59090dfaa7df4598a7fba869468c", size = 437901, upload-time = "2026-03-20T17:34:44.112Z" },
    { url = "https://files.pythonhosted.org/packages/88/95/608f665226bca68b736b79e457fded9a2a38c4f4379a4a7614303d9db3bc/protobuf-7.34.1-py3-none-any.whl", hash = "sha256:bb3812cd53aefea2b028ef42bd780f5b96407247f20c6ef7c679807e9d188f11", size = 170715, upload-time = "2026-03-20T17:34:45.384Z" },
]

[[package]]
name = "pygments"
version = "2.20.0"
source = { registry = "https://pypi.org/simple" }
sdist = { url = "https://files.pythonhosted.org/packages/c3/b2/bc9c9196916376152d655522fdcebac55e66de6603a76a02bca1b6414f6c/pygments-2.20.0.tar.gz", hash = "sha256:6757cd03768053ff99f3039c1a36d6c0aa0b263438fcab17520b30a303a82b5f", size = 4955991, upload-time = "2026-03-29T13:29:33.898Z" }
wheels = [
    { url = "https://files.pythonhosted.org/packages/f4/7e/a72dd26f3b0f4f2bf1dd8923c85f7ceb43172af56d63c7383eb62b332364/pygments-2.20.0-py3-none-any.whl", hash = "sha256:81a9e26dd42fd28a23a2d169d86d7ac03b46e2f8b59ed4698fb4785f946d0176", size = 1231151, upload-time = "2026-03-29T13:29:30.038Z" },
]

[[package]]
name = "pytest"
version = "9.0.3"
source = { registry = "https://pypi.org/simple" }
dependencies = [
    { name = "colorama", marker = "sys_platform == 'win32'" },
    { name = "exceptiongroup", marker = "python_full_version < '3.11'" },
    { name = "iniconfig" },
    { name = "packaging" },
    { name = "pluggy" },
    { name = "pygments" },
    { name = "tomli", marker = "python_full_version < '3.11'" },
]
sdist = { url = "https://files.pythonhosted.org/packages/7d/0d/549bd94f1a0a402dc8cf64563a117c0f3765662e2e668477624baeec44d5/pytest-9.0.3.tar.gz", hash = "sha256:b86ada508af81d19edeb213c681b1d48246c1a91d304c6c81a427674c17eb91c", size = 1572165, upload-time = "2026-04-07T17:16:18.027Z" }
wheels = [
    { url = "https://files.pythonhosted.org/packages/d4/24/a372aaf5c9b7208e7112038812994107bc65a84cd00e0354a88c2c77a617/pytest-9.0.3-py3-none-any.whl", hash = "sha256:2c5efc453d45394fdd706ade797c0a81091eccd1d6e4bccfcd476e2b8e0ab5d9", size = 375249, upload-time = "2026-04-07T17:16:16.13Z" },
]

[[package]]
name = "tomli"
version = "2.4.1"
source = { registry = "https://pypi.org/simple" }
sdist = { url = "https://files.pythonhosted.org/packages/22/de/48c59722572767841493b26183a0d1cc411d54fd759c5607c4590b6563a6/tomli-2.4.1.tar.gz", hash = "sha256:7c7e1a961a0b2f2472c1ac5b69affa0ae1132c39adcb67aba98568702b9cc23f", size = 17543, upload-time = "2026-03-25T20:22:03.828Z" }
wheels = [
    { url = "https://files.pythonhosted.org/packages/f4/11/db3d5885d8528263d8adc260bb2d28ebf1270b96e98f0e0268d32b8d9900/tomli-2.4.1-cp311-cp311-macosx_10_9_x86_64.whl", hash = "sha256:f8f0fc26ec2cc2b965b7a3b87cd19c5c6b8c5e5f436b984e85f486d652285c30", size = 154704, upload-time = "2026-03-25T20:21:10.473Z" },
    { url = "https://files.pythonhosted.org/packages/6d/f7/675db52c7e46064a9aa928885a9b20f4124ecb9bc2e1ce74c9106648d202/tomli-2.4.1-cp311-cp311-macosx_11_0_arm64.whl", hash = "sha256:4ab97e64ccda8756376892c53a72bd1f964e519c77236368527f758fbc36a53a", size = 149454, upload-time = "2026-03-25T20:21:12.036Z" },
    { url = "https://files.pythonhosted.org/packages/61/71/81c50943cf953efa35bce7646caab3cf457a7d8c030b27cfb40d7235f9ee/tomli-2.4.1-cp311-cp311-manylinux2014_aarch64.manylinux_2_17_aarch64.manylinux_2_28_aarch64.whl", hash = "sha256:96481a5786729fd470164b47cdb3e0e58062a496f455ee41b4403be77cb5a076", size = 237561, upload-time = "2026-03-25T20:21:13.098Z" },
    { url = "https://files.pythonhosted.org/packages/48/c1/f41d9cb618acccca7df82aaf682f9b49013c9397212cb9f53219e3abac37/tomli-2.4.1-cp311-cp311-manylinux2014_x86_64.manylinux_2_17_x86_64.manylinux_2_28_x86_64.whl", hash = "sha256:5a881ab208c0baf688221f8cecc5401bd291d67e38a1ac884d6736cbcd8247e9", size = 243824, upload-time = "2026-03-25T20:21:14.569Z" },
    { url = "https://files.pythonhosted.org/packages/22/e4/5a816ecdd1f8ca51fb756ef684b90f2780afc52fc67f987e3c61d800a46d/tomli-2.4.1-cp311-cp311-musllinux_1_2_aarch64.whl", hash = "sha256:47149d5bd38761ac8be13a84864bf0b7b70bc051806bc3669ab1cbc56216b23c", size = 242227, upload-time = "2026-03-25T20:21:15.712Z" },
    { url = "https://files.pythonhosted.org/packages/6b/49/2b2a0ef529aa6eec245d25f0c703e020a73955ad7edf73e7f54ddc608aa5/tomli-2.4.1-cp311-cp311-musllinux_1_2_x86_64.whl", hash = "sha256:ec9bfaf3ad2df51ace80688143a6a4ebc09a248f6ff781a9945e51937008fcbc", size = 247859, upload-time = "2026-03-25T20:21:17.001Z" },
    { url = "https://files.pythonhosted.org/packages/83/bd/6c1a630eaca337e1e78c5903104f831bda934c426f9231429396ce3c3467/tomli-2.4.1-cp311-cp311-win32.whl", hash = "sha256:ff2983983d34813c1aeb0fa89091e76c3a22889ee83ab27c5eeb45100560c049", size = 97204, upload-time = "2026-03-25T20:21:18.079Z" },
    { url = "https://files.pythonhosted.org/packages/42/59/71461df1a885647e10b6bb7802d0b8e66480c61f3f43079e0dcd315b3954/tomli-2.4.1-cp311-cp311-win_amd64.whl", hash = "sha256:5ee18d9ebdb417e384b58fe414e8d6af9f4e7a0ae761519fb50f721de398dd4e", size = 108084, upload-time = "2026-03-25T20:21:18.978Z" },
    { url = "https://files.pythonhosted.org/packages/b8/83/dceca96142499c069475b790e7913b1044c1a4337e700751f48ed723f883/tomli-2.4.1-cp311-cp311-win_arm64.whl", hash = "sha256:c2541745709bad0264b7d4705ad453b76ccd191e64aa6f0fc66b69a293a45ece", size = 95285, upload-time = "2026-03-25T20:21:20.309Z" },
    { url = "https://files.pythonhosted.org/packages/c1/ba/42f134a3fe2b370f555f44b1d72feebb94debcab01676bf918d0cb70e9aa/tomli-2.4.1-cp312-cp312-macosx_10_13_x86_64.whl", hash = "sha256:c742f741d58a28940ce01d58f0ab2ea3ced8b12402f162f4d534dfe18ba1cd6a", size = 155924, upload-time = "2026-03-25T20:21:21.626Z" },
    { url = "https://files.pythonhosted.org/packages/dc/c7/62d7a17c26487ade21c5422b646110f2162f1fcc95980ef7f63e73c68f14/tomli-2.4.1-cp312-cp312-macosx_11_0_arm64.whl", hash = "sha256:7f86fd587c4ed9dd76f318225e7d9b29cfc5a9d43de44e5754db8d1128487085", size = 150018, upload-time = "2026-03-25T20:21:23.002Z" },
    { url = "https://files.pythonhosted.org/packages/5c/05/79d13d7c15f13bdef410bdd49a6485b1c37d28968314eabee452c22a7fda/tomli-2.4.1-cp312-cp312-manylinux2014_aarch64.manylinux_2_17_aarch64.manylinux_2_28_aarch64.whl", hash = "sha256:ff18e6a727ee0ab0388507b89d1bc6a22b138d1e2fa56d1ad494586d61d2eae9", size = 244948, upload-time = "2026-03-25T20:21:24.04Z" },
    { url = "https://files.pythonhosted.org/packages/10/90/d62ce007a1c80d0b2c93e02cab211224756240884751b94ca72df8a875ca/tomli-2.4.1-cp312-cp312-manylinux2014_x86_64.manylinux_2_17_x86_64.manylinux_2_28_x86_64.whl", hash = "sha256:136443dbd7e1dee43c68ac2694fde36b2849865fa258d39bf822c10e8068eac5", size = 253341, upload-time = "2026-03-25T20:21:25.177Z" },
    { url = "https://files.pythonhosted.org/packages/1a/7e/caf6496d60152ad4ed09282c1885cca4eea150bfd007da84aea07bcc0a3e/tomli-2.4.1-cp312-cp312-musllinux_1_2_aarch64.whl", hash = "sha256:5e262d41726bc187e69af7825504c933b6794dc3fbd5945e41a79bb14c31f585", size = 248159, upload-time = "2026-03-25T20:21:26.364Z" },
    { url = "https://files.pythonhosted.org/packages/99/e7/c6f69c3120de34bbd882c6fba7975f3d7a746e9218e56ab46a1bc4b42552/tomli-2.4.1-cp312-cp312-musllinux_1_2_x86_64.whl", hash = "sha256:5cb41aa38891e073ee49d55fbc7839cfdb2bc0e600add13874d048c94aadddd1", size = 253290, upload-time = "2026-03-25T20:21:27.46Z" },
    { url = "https://files.pythonhosted.org/packages/d6/2f/4a3c322f22c5c66c4b836ec58211641a4067364f5dcdd7b974b4c5da300c/tomli-2.4.1-cp312-cp312-win32.whl", hash = "sha256:da25dc3563bff5965356133435b757a795a17b17d01dbc0f42fb32447ddfd917", size = 98141, upload-time = "2026-03-25T20:21:28.492Z" },
    { url = "https://files.pythonhosted.org/packages/24/22/4daacd05391b92c55759d55eaee21e1dfaea86ce5c571f10083360adf534/tomli-2.4.1-cp312-cp312-win_amd64.whl", hash = "sha256:52c8ef851d9a240f11a88c003eacb03c31fc1c9c4ec64a99a0f922b93874fda9", size = 108847, upload-time = "2026-03-25T20:21:29.386Z" },
    { url = "https://files.pythonhosted.org/packages/68/fd/70e768887666ddd9e9f5d85129e84910f2db2796f9096aa02b721a53098d/tomli-2.4.1-cp312-cp312-win_arm64.whl", hash = "sha256:f758f1b9299d059cc3f6546ae2af89670cb1c4d48ea29c3cacc4fe7de3058257", size = 95088, upload-time = "2026-03-25T20:21:30.677Z" },
    { url = "https://files.pythonhosted.org/packages/07/06/b823a7e818c756d9a7123ba2cda7d07bc2dd32835648d1a7b7b7a05d848d/tomli-2.4.1-cp313-cp313-macosx_10_13_x86_64.whl", hash = "sha256:36d2bd2ad5fb9eaddba5226aa02c8ec3fa4f192631e347b3ed28186d43be6b54", size = 155866, upload-time = "2026-03-25T20:21:31.65Z" },
    { url = "https://files.pythonhosted.org/packages/14/6f/12645cf7f08e1a20c7eb8c297c6f11d31c1b50f316a7e7e1e1de6e2e7b7e/tomli-2.4.1-cp313-cp313-macosx_11_0_arm64.whl", hash = "sha256:eb0dc4e38e6a1fd579e5d50369aa2e10acfc9cace504579b2faabb478e76941a", size = 149887, upload-time = "2026-03-25T20:21:33.028Z" },
    { url = "https://files.pythonhosted.org/packages/5c/e0/90637574e5e7212c09099c67ad349b04ec4d6020324539297b634a0192b0/tomli-2.4.1-cp313-cp313-manylinux2014_aarch64.manylinux_2_17_aarch64.manylinux_2_28_aarch64.whl", hash = "sha256:c7f2c7f2b9ca6bdeef8f0fa897f8e05085923eb091721675170254cbc5b02897", size = 243704, upload-time = "2026-03-25T20:21:34.51Z" },
    { url = "https://files.pythonhosted.org/packages/10/8f/d3ddb16c5a4befdf31a23307f72828686ab2096f068eaf56631e136c1fdd/tomli-2.4.1-cp313-cp313-manylinux2014_x86_64.manylinux_2_17_x86_64.manylinux_2_28_x86_64.whl", hash = "sha256:f3c6818a1a86dd6dca7ddcaaf76947d5ba31aecc28cb1b67009a5877c9a64f3f", size = 251628, upload-time = "2026-03-25T20:21:36.012Z" },
    { url = "https://files.pythonhosted.org/packages/e3/f1/dbeeb9116715abee2485bf0a12d07a8f31af94d71608c171c45f64c0469d/tomli-2.4.1-cp313-cp313-musllinux_1_2_aarch64.whl", hash = "sha256:d312ef37c91508b0ab2cee7da26ec0b3ed2f03ce12bd87a588d771ae15dcf82d", size = 247180, upload-time = "2026-03-25T20:21:37.136Z" },
    { url = "https://files.pythonhosted.org/packages/d3/74/16336ffd19ed4da28a70959f92f506233bd7cfc2332b20bdb01591e8b1d1/tomli-2.4.1-cp313-cp313-musllinux_1_2_x86_64.whl", hash = "sha256:51529d40e3ca50046d7606fa99ce3956a617f9b36380da3b7f0dd3dd28e68cb5", size = 251674, upload-time = "2026-03-25T20:21:38.298Z" },
    { url = "https://files.pythonhosted.org/packages/16/f9/229fa3434c590ddf6c0aa9af64d3af4b752540686cace29e6281e3458469/tomli-2.4.1-cp313-cp313-win32.whl", hash = "sha256:2190f2e9dd7508d2a90ded5ed369255980a1bcdd58e52f7fe24b8162bf9fedbd", size = 97976, upload-time = "2026-03-25T20:21:39.316Z" },
    { url = "https://files.pythonhosted.org/packages/6a/1e/71dfd96bcc1c775420cb8befe7a9d35f2e5b1309798f009dca17b7708c1e/tomli-2.4.1-cp313-cp313-win_amd64.whl", hash = "sha256:8d65a2fbf9d2f8352685bc1364177ee3923d6baf5e7f43ea4959d7d8bc326a36", size = 108755, upload-time = "2026-03-25T20:21:40.248Z" },
    { url = "https://files.pythonhosted.org/packages/83/7a/d34f422a021d62420b78f5c538e5b102f62bea616d1d75a13f0a88acb04a/tomli-2.4.1-cp313-cp313-win_arm64.whl", hash = "sha256:4b605484e43cdc43f0954ddae319fb75f04cc10dd80d830540060ee7cd0243cd", size = 95265, upload-time = "2026-03-25T20:21:41.219Z" },
    { url = "https://files.pythonhosted.org/packages/3c/fb/9a5c8d27dbab540869f7c1f8eb0abb3244189ce780ba9cd73f3770662072/tomli-2.4.1-cp314-cp314-macosx_10_15_x86_64.whl", hash = "sha256:fd0409a3653af6c147209d267a0e4243f0ae46b011aa978b1080359fddc9b6cf", size = 155726, upload-time = "2026-03-25T20:21:42.23Z" },
    { url = "https://files.pythonhosted.org/packages/62/05/d2f816630cc771ad836af54f5001f47a6f611d2d39535364f148b6a92d6b/tomli-2.4.1-cp314-cp314-macosx_11_0_arm64.whl", hash = "sha256:a120733b01c45e9a0c34aeef92bf0cf1d56cfe81ed9d47d562f9ed591a9828ac", size = 149859, upload-time = "2026-03-25T20:21:43.386Z" },
    { url = "https://files.pythonhosted.org/packages/ce/48/66341bdb858ad9bd0ceab5a86f90eddab127cf8b046418009f2125630ecb/tomli-2.4.1-cp314-cp314-manylinux2014_aarch64.manylinux_2_17_aarch64.manylinux_2_28_aarch64.whl", hash = "sha256:559db847dc486944896521f68d8190be1c9e719fced785720d2216fe7022b662", size = 244713, upload-time = "2026-03-25T20:21:44.474Z" },
    { url = "https://files.pythonhosted.org/packages/df/6d/c5fad00d82b3c7a3ab6189bd4b10e60466f22cfe8a08a9394185c8a8111c/tomli-2.4.1-cp314-cp314-manylinux2014_x86_64.manylinux_2_17_x86_64.manylinux_2_28_x86_64.whl", hash = "sha256:01f520d4f53ef97964a240a035ec2a869fe1a37dde002b57ebc4417a27ccd853", size = 252084, upload-time = "2026-03-25T20:21:45.62Z" },
    { url = "https://files.pythonhosted.org/packages/00/71/3a69e86f3eafe8c7a59d008d245888051005bd657760e96d5fbfb0b740c2/tomli-2.4.1-cp314-cp314-musllinux_1_2_aarch64.whl", hash = "sha256:7f94b27a62cfad8496c8d2513e1a222dd446f095fca8987fceef261225538a15", size = 247973, upload-time = "2026-03-25T20:21:46.937Z" },
    { url = "https://files.pythonhosted.org/packages/67/50/361e986652847fec4bd5e4a0208752fbe64689c603c7ae5ea7cb16b1c0ca/tomli-2.4.1-cp314-cp314-musllinux_1_2_x86_64.whl", hash = "sha256:ede3e6487c5ef5d28634ba3f31f989030ad6af71edfb0055cbbd14189ff240ba", size = 256223, upload-time = "2026-03-25T20:21:48.467Z" },
    { url = "https://files.pythonhosted.org/packages/8c/9a/b4173689a9203472e5467217e0154b00e260621caa227b6fa01feab16998/tomli-2.4.1-cp314-cp314-win32.whl", hash = "sha256:3d48a93ee1c9b79c04bb38772ee1b64dcf18ff43085896ea460ca8dec96f35f6", size = 98973, upload-time = "2026-03-25T20:21:49.526Z" },
    { url = "https://files.pythonhosted.org/packages/14/58/640ac93bf230cd27d002462c9af0d837779f8773bc03dee06b5835208214/tomli-2.4.1-cp314-cp314-win_amd64.whl", hash = "sha256:88dceee75c2c63af144e456745e10101eb67361050196b0b6af5d717254dddf7", size = 109082, upload-time = "2026-03-25T20:21:50.506Z" },
    { url = "https://files.pythonhosted.org/packages/d5/2f/702d5e05b227401c1068f0d386d79a589bb12bf64c3d2c72ce0631e3bc49/tomli-2.4.1-cp314-cp314-win_arm64.whl", hash = "sha256:b8c198f8c1805dc42708689ed6864951fd2494f924149d3e4bce7710f8eb5232", size = 96490, upload-time = "2026-03-25T20:21:51.474Z" },
    { url = "https://files.pythonhosted.org/packages/45/4b/b877b05c8ba62927d9865dd980e34a755de541eb65fffba52b4cc495d4d2/tomli-2.4.1-cp314-cp314t-macosx_10_15_x86_64.whl", hash = "sha256:d4d8fe59808a54658fcc0160ecfb1b30f9089906c50b23bcb4c69eddc19ec2b4", size = 164263, upload-time = "2026-03-25T20:21:52.543Z" },
    { url = "https://files.pythonhosted.org/packages/24/79/6ab420d37a270b89f7195dec5448f79400d9e9c1826df982f3f8e97b24fd/tomli-2.4.1-cp314-cp314t-macosx_11_0_arm64.whl", hash = "sha256:7008df2e7655c495dd12d2a4ad038ff878d4ca4b81fccaf82b714e07eae4402c", size = 160736, upload-time = "2026-03-25T20:21:53.674Z" },
    { url = "https://files.pythonhosted.org/packages/02/e0/3630057d8eb170310785723ed5adcdfb7d50cb7e6455f85ba8a3deed642b/tomli-2.4.1-cp314-cp314t-manylinux2014_aarch64.manylinux_2_17_aarch64.manylinux_2_28_aarch64.whl", hash = "sha256:1d8591993e228b0c930c4bb0db464bdad97b3289fb981255d6c9a41aedc84b2d", size = 270717, upload-time = "2026-03-25T20:21:55.129Z" },
    { url = "https://files.pythonhosted.org/packages/7a/b4/1613716072e544d1a7891f548d8f9ec6ce2faf42ca65acae01d76ea06bb0/tomli-2.4.1-cp314-cp314t-manylinux2014_x86_64.manylinux_2_17_x86_64.manylinux_2_28_x86_64.whl", hash = "sha256:734e20b57ba95624ecf1841e72b53f6e186355e216e5412de414e3c51e5e3c41", size = 278461, upload-time = "2026-03-25T20:21:56.228Z" },
    { url = "https://files.pythonhosted.org/packages/05/38/30f541baf6a3f6df77b3df16b01ba319221389e2da59427e221ef417ac0c/tomli-2.4.1-cp314-cp314t-musllinux_1_2_aarch64.whl", hash = "sha256:8a650c2dbafa08d42e51ba0b62740dae4ecb9338eefa093aa5c78ceb546fcd5c", size = 274855, upload-time = "2026-03-25T20:21:57.653Z" },
    { url = "https://files.pythonhosted.org/packages/77/a3/ec9dd4fd2c38e98de34223b995a3b34813e6bdadf86c75314c928350ed14/tomli-2.4.1-cp314-cp314t-musllinux_1_2_x86_64.whl", hash = "sha256:504aa796fe0569bb43171066009ead363de03675276d2d121ac1a4572397870f", size = 283144, upload-time = "2026-03-25T20:21:59.089Z" },
    { url = "https://files.pythonhosted.org/packages/ef/be/605a6261cac79fba2ec0c9827e986e00323a1945700969b8ee0b30d85453/tomli-2.4.1-cp314-cp314t-win32.whl", hash = "sha256:b1d22e6e9387bf4739fbe23bfa80e93f6b0373a7f1b96c6227c32bef95a4d7a8", size = 108683, upload-time = "2026-03-25T20:22:00.214Z" },
    { url = "https://files.pythonhosted.org/packages/12/64/da524626d3b9cc40c168a13da8335fe1c51be12c0a63685cc6db7308daae/tomli-2.4.1-cp314-cp314t-win_amd64.whl", hash = "sha256:2c1c351919aca02858f740c6d33adea0c5deea37f9ecca1cc1ef9e884a619d26", size = 121196, upload-time = "2026-03-25T20:22:01.169Z" },
    { url = "https://files.pythonhosted.org/packages/5a/cd/e80b62269fc78fc36c9af5a6b89c835baa8af28ff5ad28c7028d60860320/tomli-2.4.1-cp314-cp314t-win_arm64.whl", hash = "sha256:eab21f45c7f66c13f2a9e0e1535309cee140182a9cdae1e041d02e47291e8396", size = 100393, upload-time = "2026-03-25T20:22:02.137Z" },
    { url = "https://files.pythonhosted.org/packages/7b/61/cceae43728b7de99d9b847560c262873a1f6c98202171fd5ed62640b494b/tomli-2.4.1-py3-none-any.whl", hash = "sha256:0d85819802132122da43cb86656f8d1f8c6587d54ae7dcaf30e90533028b49fe", size = 14583, upload-time = "2026-03-25T20:22:03.012Z" },
]

[[package]]
name = "typing-extensions"
version = "4.15.0"
source = { registry = "https://pypi.org/simple" }
sdist = { url = "https://files.pythonhosted.org/packages/72/94/1a15dd82efb362ac84269196e94cf00f187f7ed21c242792a923cdb1c61f/typing_extensions-4.15.0.tar.gz", hash = "sha256:0cea48d173cc12fa28ecabc3b837ea3cf6f38c6d1136f85cbaaf598984861466", size = 109391, upload-time = "2025-08-25T13:49:26.313Z" }
wheels = [
    { url = "https://files.pythonhosted.org/packages/18/67/36e9267722cc04a6b9f15c7f3441c2363321a3ea07da7ae0c0707beb2a9c/typing_extensions-4.15.0-py3-none-any.whl", hash = "sha256:f0fa19c6845758ab08074a0cfa8b7aecb71c999ca73d62883bc25cc018c4e548", size = 44614, upload-time = "2025-08-25T13:49:24.86Z" },
]

[[package]]
name = "zpayload-dumper-scripts"
version = "0.1.0"
source = { virtual = "." }
dependencies = [
    { name = "bsdiff4" },
    { name = "protobuf" },
]

[package.optional-dependencies]
dev = [
    { name = "pytest" },
]

[package.metadata]
requires-dist = [
    { name = "bsdiff4", specifier = ">=1.2.0" },
    { name = "protobuf", specifier = ">=4.0" },
    { name = "pytest", marker = "extra == 'dev'" },
]
provides-extras = ["dev"]
